
Microsoft Visual Studio Solution File, Format Version 12.00
# Visual Studio Version 17
VisualStudioVersion = 17.10.35201.131
MinimumVisualStudioVersion = 10.0.40219.1
Project("{9A19103F-16F7-4668-BE54-9A1E7A4F7556}") = "04_CreatingGameWorld_FlyingSprites", "04_CreatingGameWorld_FlyingSprites\04_CreatingGameWorld_FlyingSprites.csproj", "{F0FA9C65-A2AF-4898-A878-CDEE5ECACF4A}"
EndProject
Project("{9A19103F-16F7-4668-BE54-9A1E7A4F7556}") = "04_CreatingGameWorld_DiscoWorld", "04_CreatingGameWorld_DiscoWorld\04_CreatingGameWorld_DiscoWorld.csproj", "{2AECCECE-76FC-4C16-A679-E70F012DC8AF}"
EndProject
Project("{9A19103F-16F7-4668-BE54-9A1E7A4F7556}") = "03_Basics_BasicGame", "03_Basics_BasicGame\03_Basics_BasicGame.csproj", "{D76BBBD4-7D00-4D2E-8D41-74CD980B7384}"
EndProject
Project("{9A19103F-16F7-4668-BE54-9A1E7A4F7556}") = "04_CreatingGameworld_SpriteDrawing", "04_CreatingGameworld_SpriteDrawing\04_CreatingGameworld_SpriteDrawing.csproj", "{5DA11FB9-B734-4A08-ABE8-3277787DB0E6}"
EndProject
Project("{9A19103F-16F7-4668-BE54-9A1E7A4F7556}") = "11_FinishingGame", "11_FinishingGame\11_FinishingGame.csproj", "{CF16BBF8-AD30-473D-9ABE-A1BA6EE1D586}"
EndProject
Project("{9A19103F-16F7-4668-BE54-9A1E7A4F7556}") = "05_ReadingPlayer_Balloon1", "05_ReadingPlayer_Balloon1\05_ReadingPlayer_Balloon1.csproj", "{EBA9E013-17A5-4F14-8E3A-E0C377879E46}"
EndProject
Project("{9A19103F-16F7-4668-BE54-9A1E7A4F7556}") = "05_ReadingPlayer_Balloon2", "05_ReadingPlayer_Balloon2\05_ReadingPlayer_Balloon2.csproj", "{CD18657D-A601-478C-A952-D8ED96F74E6E}"
EndProject
Project("{9A19103F-16F7-4668-BE54-9A1E7A4F7556}") = "05_ReadingPlayer_Painter1", "05_ReadingPlayer_Painter1\05_ReadingPlayer_Painter1.csproj", "{D166147F-6F45-4264-80A1-E12F0535EEBE}"
EndProject
Project("{9A19103F-16F7-4668-BE54-9A1E7A4F7556}") = "06_ReactingInput_Painter1c", "06_ReactingInput_Painter1c\06_ReactingInput_Painter1c.csproj", "{A5F9F923-72BF-4884-9905-3B07E7359C75}"
EndProject
Project("{9A19103F-16F7-4668-BE54-9A1E7A4F7556}") = "06_ReactingInput_Painter2", "06_ReactingInput_Painter2\06_ReactingInput_Painter2.csproj", "{00FB69C0-6875-4DFD-B6FA-196DCAC7E5BF}"
EndProject
Project("{9A19103F-16F7-4668-BE54-9A1E7A4F7556}") = "07_BasicGameObjects_Painter3", "07_BasicGameObjects_Painter3\07_BasicGameObjects_Painter3.csproj", "{C5E09221-7A4E-4E80-B540-256C4A83053A}"
EndProject
Project("{9A19103F-16F7-4668-BE54-9A1E7A4F7556}") = "07_BasicGameObjects_Painter4", "07_BasicGameObjects_Painter4\07_BasicGameObjects_Painter4.csproj", "{1928ABA3-A2ED-4B62-96A7-3165770C6861}"
EndProject
Project("{9A19103F-16F7-4668-BE54-9A1E7A4F7556}") = "08_AddingInteraction_Painter5", "08_AddingInteraction_Painter5\08_AddingInteraction_Painter5.csproj", "{9579806D-972E-40DC-831F-47385A1A9AF7}"
EndProject
Project("{9A19103F-16F7-4668-BE54-9A1E7A4F7556}") = "08_AddingInteraction_Painter6", "08_AddingInteraction_Painter6\08_AddingInteraction_Painter6.csproj", "{B1971787-72C1-4E1E-9320-170CD6ED8E35}"
EndProject
Project("{FAE04EC0-301F-11D3-BF4B-00C04F79EFBC}") = "08_AddingInteraction_Painter7", "08_AddingInteraction_Painter7\08_AddingInteraction_Painter7.csproj", "{2B31980E-153B-40CF-A221-90F7B835DA85}"
EndProject
Global
	GlobalSection(SolutionConfigurationPlatforms) = preSolution
		Debug|Any CPU = Debug|Any CPU
		Release|Any CPU = Release|Any CPU
	EndGlobalSection
	GlobalSection(ProjectConfigurationPlatforms) = postSolution
		{F0FA9C65-A2AF-4898-A878-CDEE5ECACF4A}.Debug|Any CPU.ActiveCfg = Debug|Any CPU
		{F0FA9C65-A2AF-4898-A878-CDEE5ECACF4A}.Debug|Any CPU.Build.0 = Debug|Any CPU
		{F0FA9C65-A2AF-4898-A878-CDEE5ECACF4A}.Release|Any CPU.ActiveCfg = Release|Any CPU
		{F0FA9C65-A2AF-4898-A878-CDEE5ECACF4A}.Release|Any CPU.Build.0 = Release|Any CPU
		{2AECCECE-76FC-4C16-A679-E70F012DC8AF}.Debug|Any CPU.ActiveCfg = Debug|Any CPU
		{2AECCECE-76FC-4C16-A679-E70F012DC8AF}.Debug|Any CPU.Build.0 = Debug|Any CPU
		{2AECCECE-76FC-4C16-A679-E70F012DC8AF}.Release|Any CPU.ActiveCfg = Release|Any CPU
		{2AECCECE-76FC-4C16-A679-E70F012DC8AF}.Release|Any CPU.Build.0 = Release|Any CPU
		{D76BBBD4-7D00-4D2E-8D41-74CD980B7384}.Debug|Any CPU.ActiveCfg = Debug|Any CPU
		{D76BBBD4-7D00-4D2E-8D41-74CD980B7384}.Debug|Any CPU.Build.0 = Debug|Any CPU
		{D76BBBD4-7D00-4D2E-8D41-74CD980B7384}.Release|Any CPU.ActiveCfg = Release|Any CPU
		{D76BBBD4-7D00-4D2E-8D41-74CD980B7384}.Release|Any CPU.Build.0 = Release|Any CPU
		{5DA11FB9-B734-4A08-ABE8-3277787DB0E6}.Debug|Any CPU.ActiveCfg = Debug|Any CPU
		{5DA11FB9-B734-4A08-ABE8-3277787DB0E6}.Debug|Any CPU.Build.0 = Debug|Any CPU
		{5DA11FB9-B734-4A08-ABE8-3277787DB0E6}.Release|Any CPU.ActiveCfg = Release|Any CPU
		{5DA11FB9-B734-4A08-ABE8-3277787DB0E6}.Release|Any CPU.Build.0 = Release|Any CPU
		{CF16BBF8-AD30-473D-9ABE-A1BA6EE1D586}.Debug|Any CPU.ActiveCfg = Debug|Any CPU
		{CF16BBF8-AD30-473D-9ABE-A1BA6EE1D586}.Debug|Any CPU.Build.0 = Debug|Any CPU
		{CF16BBF8-AD30-473D-9ABE-A1BA6EE1D586}.Release|Any CPU.ActiveCfg = Release|Any CPU
		{CF16BBF8-AD30-473D-9ABE-A1BA6EE1D586}.Release|Any CPU.Build.0 = Release|Any CPU
		{EBA9E013-17A5-4F14-8E3A-E0C377879E46}.Debug|Any CPU.ActiveCfg = Debug|Any CPU
		{EBA9E013-17A5-4F14-8E3A-E0C377879E46}.Debug|Any CPU.Build.0 = Debug|Any CPU
		{EBA9E013-17A5-4F14-8E3A-E0C377879E46}.Release|Any CPU.ActiveCfg = Release|Any CPU
		{EBA9E013-17A5-4F14-8E3A-E0C377879E46}.Release|Any CPU.Build.0 = Release|Any CPU
		{CD18657D-A601-478C-A952-D8ED96F74E6E}.Debug|Any CPU.ActiveCfg = Debug|Any CPU
		{CD18657D-A601-478C-A952-D8ED96F74E6E}.Debug|Any CPU.Build.0 = Debug|Any CPU
		{CD18657D-A601-478C-A952-D8ED96F74E6E}.Release|Any CPU.ActiveCfg = Release|Any CPU
		{CD18657D-A601-478C-A952-D8ED96F74E6E}.Release|Any CPU.Build.0 = Release|Any CPU
		{D166147F-6F45-4264-80A1-E12F0535EEBE}.Debug|Any CPU.ActiveCfg = Debug|Any CPU
		{D166147F-6F45-4264-80A1-E12F0535EEBE}.Debug|Any CPU.Build.0 = Debug|Any CPU
		{D166147F-6F45-4264-80A1-E12F0535EEBE}.Release|Any CPU.ActiveCfg = Release|Any CPU
		{D166147F-6F45-4264-80A1-E12F0535EEBE}.Release|Any CPU.Build.0 = Release|Any CPU
		{A5F9F923-72BF-4884-9905-3B07E7359C75}.Debug|Any CPU.ActiveCfg = Debug|Any CPU
		{A5F9F923-72BF-4884-9905-3B07E7359C75}.Debug|Any CPU.Build.0 = Debug|Any CPU
		{A5F9F923-72BF-4884-9905-3B07E7359C75}.Release|Any CPU.ActiveCfg = Release|Any CPU
		{A5F9F923-72BF-4884-9905-3B07E7359C75}.Release|Any CPU.Build.0 = Release|Any CPU
		{00FB69C0-6875-4DFD-B6FA-196DCAC7E5BF}.Debug|Any CPU.ActiveCfg = Debug|Any CPU
		{00FB69C0-6875-4DFD-B6FA-196DCAC7E5BF}.Debug|Any CPU.Build.0 = Debug|Any CPU
		{00FB69C0-6875-4DFD-B6FA-196DCAC7E5BF}.Release|Any CPU.ActiveCfg = Release|Any CPU
		{00FB69C0-6875-4DFD-B6FA-196DCAC7E5BF}.Release|Any CPU.Build.0 = Release|Any CPU
		{C5E09221-7A4E-4E80-B540-256C4A83053A}.Debug|Any CPU.ActiveCfg = Debug|Any CPU
		{C5E09221-7A4E-4E80-B540-256C4A83053A}.Debug|Any CPU.Build.0 = Debug|Any CPU
		{C5E09221-7A4E-4E80-B540-256C4A83053A}.Release|Any CPU.ActiveCfg = Release|Any CPU
		{C5E09221-7A4E-4E80-B540-256C4A83053A}.Release|Any CPU.Build.0 = Release|Any CPU
		{1928ABA3-A2ED-4B62-96A7-3165770C6861}.Debug|Any CPU.ActiveCfg = Debug|Any CPU
		{1928ABA3-A2ED-4B62-96A7-3165770C6861}.Debug|Any CPU.Build.0 = Debug|Any CPU
		{1928ABA3-A2ED-4B62-96A7-3165770C6861}.Release|Any CPU.ActiveCfg = Release|Any CPU
		{1928ABA3-A2ED-4B62-96A7-3165770C6861}.Release|Any CPU.Build.0 = Release|Any CPU
		{9579806D-972E-40DC-831F-47385A1A9AF7}.Debug|Any CPU.ActiveCfg = Debug|Any CPU
		{9579806D-972E-40DC-831F-47385A1A9AF7}.Debug|Any CPU.Build.0 = Debug|Any CPU
		{9579806D-972E-40DC-831F-47385A1A9AF7}.Release|Any CPU.ActiveCfg = Release|Any CPU
		{9579806D-972E-40DC-831F-47385A1A9AF7}.Release|Any CPU.Build.0 = Release|Any CPU
		{B1971787-72C1-4E1E-9320-170CD6ED8E35}.Debug|Any CPU.ActiveCfg = Debug|Any CPU
		{B1971787-72C1-4E1E-9320-170CD6ED8E35}.Debug|Any CPU.Build.0 = Debug|Any CPU
		{B1971787-72C1-4E1E-9320-170CD6ED8E35}.Release|Any CPU.ActiveCfg = Release|Any CPU
		{B1971787-72C1-4E1E-9320-170CD6ED8E35}.Release|Any CPU.Build.0 = Release|Any CPU
		{2B31980E-153B-40CF-A221-90F7B835DA85}.Debug|Any CPU.ActiveCfg = Debug|Any CPU
		{2B31980E-153B-40CF-A221-90F7B835DA85}.Debug|Any CPU.Build.0 = Debug|Any CPU
		{2B31980E-153B-40CF-A221-90F7B835DA85}.Release|Any CPU.ActiveCfg = Release|Any CPU
		{2B31980E-153B-40CF-A221-90F7B835DA85}.Release|Any CPU.Build.0 = Release|Any CPU
	EndGlobalSection
	GlobalSection(SolutionProperties) = preSolution
		HideSolutionNode = FALSE
	EndGlobalSection
	GlobalSection(ExtensibilityGlobals) = postSolution
		SolutionGuid = {8D65DE96-436D-48A8-BD59-83F1AC7E98F2}
	EndGlobalSection
EndGlobal
